hash: cad87b0404a5d4301248451c01ee63f3c6b6866bcafc810380b1f92c72ff9292
updated: 2016-09-06T14:48:54.185073622-07:00
imports:
- name: github.com/alecthomas/template
  version: a0175ee3bccc567396460bf5acd36800cb10c49c
  subpackages:
  - parse
- name: github.com/alecthomas/units
  version: 2efee857e7cfd4f3d0138cc3cbb1b4966962b93a
- name: github.com/julienschmidt/httprouter
  version: d8ff598a019f2c7bad0980917a588193cf26666e
- name: github.com/pborman/uuid
  version: b984ec7fa9ff9e428bd0cf0abf429384dfbe3e37
- name: github.com/rs/cors
  version: a62a804a8a009876ca59105f7899938a1349f4b3
- name: github.com/rs/xhandler
  version: ed27b6fd65218132ee50cd95f38474a3d8a2cd12
- name: golang.org/x/crypto
  version: 9e590154d2353f3f5e1b24da7275686040dcf491
  subpackages:
  - bcrypt
  - blowfish
  - ssh/terminal
- name: golang.org/x/net
  version: 1358eff22f0dd0c54fc521042cc607f6ff4b531a
  subpackages:
  - context
- name: gopkg.in/alecthomas/kingpin.v2
  version: e9044be3ab2a8e11d4e1f418d12f0790d57e8d70
- name: gopkg.in/libgit2/git2go.v22
  version: 41ad00f868e7dfcdb04c7538f27350d400f710a3
- name: gopkg.in/yaml.v2
  version: e4d366fc3c7938e2958e662b4258c7a89e1f0e3e
testImports: []
